
Microsoft Visual Studio Solution File, Format Version 12.00
# Visual Studio 15
VisualStudioVersion = 15.0.28010.2026
MinimumVisualStudioVersion = 10.0.40219.1
Project("{9A19103F-16F7-4668-BE54-9A1E7A4F7556}") = "Algorithms", "Algorithms\Algorithms.csproj", "{55D7BC7D-93DD-47F3-A67F-3D49E0772D25}"
EndProject
Project("{9A19103F-16F7-4668-BE54-9A1E7A4F7556}") = "Algorithms.Tests", "Algorithms.Tests\Algorithms.Tests.csproj", "{6D123263-DB4D-48C5-A689-4F991CB522BB}"
EndProject
Global
	GlobalSection(SolutionConfigurationPlatforms) = preSolution
		Debug|Any CPU = Debug|Any CPU
		Release|Any CPU = Release|Any CPU
	EndGlobalSection
	GlobalSection(ProjectConfigurationPlatforms) = postSolution
		{55D7BC7D-93DD-47F3-A67F-3D49E0772D25}.Debug|Any CPU.ActiveCfg = Debug|Any CPU
		{55D7BC7D-93DD-47F3-A67F-3D49E0772D25}.Debug|Any CPU.Build.0 = Debug|Any CPU
		{55D7BC7D-93DD-47F3-A67F-3D49E0772D25}.Release|Any CPU.ActiveCfg = Release|Any CPU
		{55D7BC7D-93DD-47F3-A67F-3D49E0772D25}.Release|Any CPU.Build.0 = Release|Any CPU
		{6D123263-DB4D-48C5-A689-4F991CB522BB}.Debug|Any CPU.ActiveCfg = Debug|Any CPU
		{6D123263-DB4D-48C5-A689-4F991CB522BB}.Debug|Any CPU.Build.0 = Debug|Any CPU
		{6D123263-DB4D-48C5-A689-4F991CB522BB}.Release|Any CPU.ActiveCfg = Release|Any CPU
		{6D123263-DB4D-48C5-A689-4F991CB522BB}.Release|Any CPU.Build.0 = Release|Any CPU
	EndGlobalSection
	GlobalSection(SolutionProperties) = preSolution
		HideSolutionNode = FALSE
	EndGlobalSection
	GlobalSection(ExtensibilityGlobals) = postSolution
		SolutionGuid = {40B7D166-BB54-41BE-8D80-A86C0CC682F4}
	EndGlobalSection
EndGlobal
